
Microsoft Visual Studio Solution File, Format Version 12.00
# Visual Studio Version 17
VisualStudioVersion = 17.5.002.0
MinimumVisualStudioVersion = 10.0.40219.1
Project("{9A19103F-16F7-4668-BE54-9A1E7A4F7556}") = ".Support-Bank", ".Support-Bank.csproj", "{8AB5EF2F-D192-4BCC-92B6-C39340119F4B}"
EndProject
Global
	GlobalSection(SolutionConfigurationPlatforms) = preSolution
		Debug|Any CPU = Debug|Any CPU
		Release|Any CPU = Release|Any CPU
	EndGlobalSection
	GlobalSection(ProjectConfigurationPlatforms) = postSolution
		{8AB5EF2F-D192-4BCC-92B6-C39340119F4B}.Debug|Any CPU.ActiveCfg = Debug|Any CPU
		{8AB5EF2F-D192-4BCC-92B6-C39340119F4B}.Debug|Any CPU.Build.0 = Debug|Any CPU
		{8AB5EF2F-D192-4BCC-92B6-C39340119F4B}.Release|Any CPU.ActiveCfg = Release|Any CPU
		{8AB5EF2F-D192-4BCC-92B6-C39340119F4B}.Release|Any CPU.Build.0 = Release|Any CPU
	EndGlobalSection
	GlobalSection(SolutionProperties) = preSolution
		HideSolutionNode = FALSE
	EndGlobalSection
	GlobalSection(ExtensibilityGlobals) = postSolution
		SolutionGuid = {8EEF4985-2F0D-49C5-9E6F-B6BA90B5C079}
	EndGlobalSection
EndGlobal
